
Microsoft Visual Studio Solution File, Format Version 12.00
# Visual Studio 15
VisualStudioVersion = 15.0.28307.1022
MinimumVisualStudioVersion = 10.0.40219.1
Project("{8BC9CEB8-8B4A-11D0-8D11-00A0C91BC942}") = "leetCoding", "leetCoding\leetCoding.vcxproj", "{962CCBE0-6C17-47B0-9823-F0DD1428C26C}"
EndProject
Global
	GlobalSection(SolutionConfigurationPlatforms) = preSolution
		Debug|x64 = Debug|x64
		Debug|x86 = Debug|x86
		Release|x64 = Release|x64
		Release|x86 = Release|x86
	EndGlobalSection
	GlobalSection(ProjectConfigurationPlatforms) = postSolution
		{962CCBE0-6C17-47B0-9823-F0DD1428C26C}.Debug|x64.ActiveCfg = Debug|x64
		{962CCBE0-6C17-47B0-9823-F0DD1428C26C}.Debug|x64.Build.0 = Debug|x64
		{962CCBE0-6C17-47B0-9823-F0DD1428C26C}.Debug|x86.ActiveCfg = Debug|Win32
		{962CCBE0-6C17-47B0-9823-F0DD1428C26C}.Debug|x86.Build.0 = Debug|Win32
		{962CCBE0-6C17-47B0-9823-F0DD1428C26C}.Release|x64.ActiveCfg = Release|x64
		{962CCBE0-6C17-47B0-9823-F0DD1428C26C}.Release|x64.Build.0 = Release|x64
		{962CCBE0-6C17-47B0-9823-F0DD1428C26C}.Release|x86.ActiveCfg = Release|Win32
		{962CCBE0-6C17-47B0-9823-F0DD1428C26C}.Release|x86.Build.0 = Release|Win32
	EndGlobalSection
	GlobalSection(SolutionProperties) = preSolution
		HideSolutionNode = FALSE
	EndGlobalSection
	GlobalSection(ExtensibilityGlobals) = postSolution
		SolutionGuid = {C1CC06E6-05B0-4AAD-849F-A0FB67513A41}
	EndGlobalSection
EndGlobal
