<?xml version="1.0" encoding="utf-8"?>
<Project ToolsVersion="4.0" xmlns="http://schemas.microsoft.com/developer/msbuild/2003">
  <ItemGroup>
    <Filter Include="源文件">
      <UniqueIdentifier>{4FC737F1-C7A5-4376-A066-2A32D752A2FF}</UniqueIdentifier>
      <Extensions>cpp;c;cc;cxx;def;odl;idl;hpj;bat;asm;asmx</Extensions>
    </Filter>
    <Filter Include="头文件">
      <UniqueIdentifier>{93995380-89BD-4b04-88EB-625FBE52EBFB}</UniqueIdentifier>
      <Extensions>h;hh;hpp;hxx;hm;inl;inc;ipp;xsd</Extensions>
    </Filter>
    <Filter Include="资源文件">
      <UniqueIdentifier>{67DA6AB6-F800-4c08-8B7A-83BB121AAD01}</UniqueIdentifier>
      <Extensions>rc;ico;cur;bmp;dlg;rc2;rct;bin;rgs;gif;jpg;jpeg;jpe;resx;tiff;tif;png;wav;mfcribbon-ms</Extensions>
    </Filter>
  </ItemGroup>
  <ItemGroup>
    <ClInclude Include="leetcode1_删除排序数组中的重复项.h">
      <Filter>头文件</Filter>
    </ClInclude>
    <ClInclude Include="leetcode3_翻转数组.h">
      <Filter>头文件</Filter>
    </ClInclude>
    <ClInclude Include="interview1_冒泡排序.h">
      <Filter>头文件</Filter>
    </ClInclude>
    <ClInclude Include="interview2_插入排序.h">
      <Filter>头文件</Filter>
    </ClInclude>
    <ClInclude Include="leetcode4_存在重复元素.h">
      <Filter>头文件</Filter>
    </ClInclude>
    <ClInclude Include="leetcode5_只出现一次的数字.h">
      <Filter>头文件</Filter>
    </ClInclude>
    <ClInclude Include="leetcode2_买卖股票的最佳时机II.h">
      <Filter>头文件</Filter>
    </ClInclude>
    <ClInclude Include="leetcode6_两个数组的交集II.h">
      <Filter>头文件</Filter>
    </ClInclude>
    <ClInclude Include="practice.h">
      <Filter>头文件</Filter>
    </ClInclude>
    <ClInclude Include="leetcode8_移动零.h">
      <Filter>头文件</Filter>
    </ClInclude>
    <ClInclude Include="leetcode9_两数之和.h">
      <Filter>头文件</Filter>
    </ClInclude>
    <ClInclude Include="leetcode10_有效的数独.h">
      <Filter>头文件</Filter>
    </ClInclude>
    <ClInclude Include="leetcode11_旋转图像.h">
      <Filter>头文件</Filter>
    </ClInclude>
    <ClInclude Include="leetcode12_反转字符串.h">
      <Filter>头文件</Filter>
    </ClInclude>
    <ClInclude Include="leetcode13_整数反转.h">
      <Filter>头文件</Filter>
    </ClInclude>
    <ClInclude Include="leetcode14_字符串中的第一个唯一字符.h">
      <Filter>头文件</Filter>
    </ClInclude>
    <ClInclude Include="leetcode7_加一.h">
      <Filter>头文件</Filter>
    </ClInclude>
    <ClInclude Include="leetcode15_有效的字母异位词.h">
      <Filter>头文件</Filter>
    </ClInclude>
    <ClInclude Include="leetcode16_验证回文字符串.h">
      <Filter>头文件</Filter>
    </ClInclude>
    <ClInclude Include="leetcode17_字符串转换整数 (atoi).h">
      <Filter>头文件</Filter>
    </ClInclude>
    <ClInclude Include="leetcode18_实现 strStr%28%29.h">
      <Filter>头文件</Filter>
    </ClInclude>
    <ClInclude Include="leetcode19_外观数列.h">
      <Filter>头文件</Filter>
    </ClInclude>
    <ClInclude Include="leetcode20_最长公共前缀.h">
      <Filter>头文件</Filter>
    </ClInclude>
  </ItemGroup>
  <ItemGroup>
    <ClCompile Include="interview1.cpp">
      <Filter>源文件</Filter>
    </ClCompile>
    <ClCompile Include="interview2.cpp">
      <Filter>源文件</Filter>
    </ClCompile>
    <ClCompile Include="leetcode1.cpp">
      <Filter>源文件</Filter>
    </ClCompile>
    <ClCompile Include="leetcode3.cpp">
      <Filter>源文件</Filter>
    </ClCompile>
    <ClCompile Include="leetcode2.cpp">
      <Filter>源文件</Filter>
    </ClCompile>
    <ClCompile Include="leetcode4.cpp">
      <Filter>源文件</Filter>
    </ClCompile>
    <ClCompile Include="leetcode5.cpp">
      <Filter>源文件</Filter>
    </ClCompile>
    <ClCompile Include="leetcode6.cpp">
      <Filter>源文件</Filter>
    </ClCompile>
    <ClCompile Include="main.cpp">
      <Filter>源文件</Filter>
    </ClCompile>
    <ClCompile Include="leetcode8.cpp">
      <Filter>源文件</Filter>
    </ClCompile>
    <ClCompile Include="leetcode9.cpp">
      <Filter>源文件</Filter>
    </ClCompile>
    <ClCompile Include="leetcode10.cpp">
      <Filter>源文件</Filter>
    </ClCompile>
    <ClCompile Include="leetcode11.cpp">
      <Filter>源文件</Filter>
    </ClCompile>
    <ClCompile Include="leetcode12.cpp">
      <Filter>源文件</Filter>
    </ClCompile>
    <ClCompile Include="leetcode13.cpp">
      <Filter>源文件</Filter>
    </ClCompile>
    <ClCompile Include="leetcode14.cpp">
      <Filter>源文件</Filter>
    </ClCompile>
    <ClCompile Include="leetcode7.cpp">
      <Filter>源文件</Filter>
    </ClCompile>
    <ClCompile Include="leetcode15.cpp">
      <Filter>源文件</Filter>
    </ClCompile>
    <ClCompile Include="leetcode16.cpp">
      <Filter>源文件</Filter>
    </ClCompile>
    <ClCompile Include="leetcode17.cpp">
      <Filter>源文件</Filter>
    </ClCompile>
    <ClCompile Include="leetcode18.cpp">
      <Filter>源文件</Filter>
    </ClCompile>
    <ClCompile Include="leetcode19.cpp">
      <Filter>源文件</Filter>
    </ClCompile>
    <ClCompile Include="leetcode20.cpp">
      <Filter>源文件</Filter>
    </ClCompile>
  </ItemGroup>
</Project>